
Microsoft Visual Studio Solution File, Format Version 12.00
# Visual Studio Version 17
VisualStudioVersion = 17.13.35818.85 d17.13
MinimumVisualStudioVersion = 10.0.40219.1
Project("{FAE04EC0-301F-11D3-BF4B-00C04F79EFBC}") = "ReadFromCSV", "ReadFromCSV.csproj", "{934365B5-2A0B-4A10-9CF1-4239614E9BD5}"
EndProject
Global
	GlobalSection(SolutionConfigurationPlatforms) = preSolution
		Debug|Any CPU = Debug|Any CPU
		Release|Any CPU = Release|Any CPU
	EndGlobalSection
	GlobalSection(ProjectConfigurationPlatforms) = postSolution
		{934365B5-2A0B-4A10-9CF1-4239614E9BD5}.Debug|Any CPU.ActiveCfg = Debug|Any CPU
		{934365B5-2A0B-4A10-9CF1-4239614E9BD5}.Debug|Any CPU.Build.0 = Debug|Any CPU
		{934365B5-2A0B-4A10-9CF1-4239614E9BD5}.Release|Any CPU.ActiveCfg = Release|Any CPU
		{934365B5-2A0B-4A10-9CF1-4239614E9BD5}.Release|Any CPU.Build.0 = Release|Any CPU
	EndGlobalSection
	GlobalSection(SolutionProperties) = preSolution
		HideSolutionNode = FALSE
	EndGlobalSection
	GlobalSection(ExtensibilityGlobals) = postSolution
		SolutionGuid = {A5517C51-C885-4A3C-9E2C-99559EAA68EC}
	EndGlobalSection
EndGlobal
